
Microsoft Visual Studio Solution File, Format Version 12.00
# Visual Studio Version 16
VisualStudioVersion = 16.0.29609.76
MinimumVisualStudioVersion = 10.0.40219.1
Project("{FAE04EC0-301F-11D3-BF4B-00C04F79EFBC}") = "CalendrierAventCore", "CalendrierAventCore\CalendrierAventCore.csproj", "{F85203EE-B3E0-4D20-B3C5-D5AC92F74E3A}"
EndProject
Project("{FAE04EC0-301F-11D3-BF4B-00C04F79EFBC}") = "Data", "Data\Data.csproj", "{C2DFC64C-D031-49D3-9D04-200B690AB420}"
EndProject
Project("{2150E333-8FDC-42A3-9474-1A3956D46DE8}") = "Lib", "Lib", "{8BE83D17-FDAF-413D-AFD9-F31C7F9A9E09}"
EndProject
Project("{FAE04EC0-301F-11D3-BF4B-00C04F79EFBC}") = "Dal", "Dal\Dal.csproj", "{B78EA240-3D93-4716-8F18-2842CBD61433}"
EndProject
Project("{FAE04EC0-301F-11D3-BF4B-00C04F79EFBC}") = "Tools", "Tools\Tools.csproj", "{5FD1A1A8-110B-409B-9F5C-BB1113EDFBF3}"
EndProject
Global
	GlobalSection(SolutionConfigurationPlatforms) = preSolution
		Debug|Any CPU = Debug|Any CPU
		Release|Any CPU = Release|Any CPU
	EndGlobalSection
	GlobalSection(ProjectConfigurationPlatforms) = postSolution
		{F85203EE-B3E0-4D20-B3C5-D5AC92F74E3A}.Debug|Any CPU.ActiveCfg = Debug|Any CPU
		{F85203EE-B3E0-4D20-B3C5-D5AC92F74E3A}.Debug|Any CPU.Build.0 = Debug|Any CPU
		{F85203EE-B3E0-4D20-B3C5-D5AC92F74E3A}.Release|Any CPU.ActiveCfg = Release|Any CPU
		{F85203EE-B3E0-4D20-B3C5-D5AC92F74E3A}.Release|Any CPU.Build.0 = Release|Any CPU
		{C2DFC64C-D031-49D3-9D04-200B690AB420}.Debug|Any CPU.ActiveCfg = Debug|Any CPU
		{C2DFC64C-D031-49D3-9D04-200B690AB420}.Debug|Any CPU.Build.0 = Debug|Any CPU
		{C2DFC64C-D031-49D3-9D04-200B690AB420}.Release|Any CPU.ActiveCfg = Release|Any CPU
		{C2DFC64C-D031-49D3-9D04-200B690AB420}.Release|Any CPU.Build.0 = Release|Any CPU
		{B78EA240-3D93-4716-8F18-2842CBD61433}.Debug|Any CPU.ActiveCfg = Debug|Any CPU
		{B78EA240-3D93-4716-8F18-2842CBD61433}.Debug|Any CPU.Build.0 = Debug|Any CPU
		{B78EA240-3D93-4716-8F18-2842CBD61433}.Release|Any CPU.ActiveCfg = Release|Any CPU
		{B78EA240-3D93-4716-8F18-2842CBD61433}.Release|Any CPU.Build.0 = Release|Any CPU
		{5FD1A1A8-110B-409B-9F5C-BB1113EDFBF3}.Debug|Any CPU.ActiveCfg = Debug|Any CPU
		{5FD1A1A8-110B-409B-9F5C-BB1113EDFBF3}.Debug|Any CPU.Build.0 = Debug|Any CPU
		{5FD1A1A8-110B-409B-9F5C-BB1113EDFBF3}.Release|Any CPU.ActiveCfg = Release|Any CPU
		{5FD1A1A8-110B-409B-9F5C-BB1113EDFBF3}.Release|Any CPU.Build.0 = Release|Any CPU
	EndGlobalSection
	GlobalSection(SolutionProperties) = preSolution
		HideSolutionNode = FALSE
	EndGlobalSection
	GlobalSection(NestedProjects) = preSolution
		{C2DFC64C-D031-49D3-9D04-200B690AB420} = {8BE83D17-FDAF-413D-AFD9-F31C7F9A9E09}
		{B78EA240-3D93-4716-8F18-2842CBD61433} = {8BE83D17-FDAF-413D-AFD9-F31C7F9A9E09}
		{5FD1A1A8-110B-409B-9F5C-BB1113EDFBF3} = {8BE83D17-FDAF-413D-AFD9-F31C7F9A9E09}
	EndGlobalSection
	GlobalSection(ExtensibilityGlobals) = postSolution
		SolutionGuid = {C715DBA1-32EE-42BB-A7F9-E7D649B322F8}
	EndGlobalSection
EndGlobal
